<?xml version="1.0" encoding="UTF-8" standalone="yes" ?>
<CodeBlocks_project_file>
	<FileVersion major="1" minor="6" />
	<Project>
		<Option title="lplog" />
		<Option makefile_is_custom="1" />
		<Option pch_mode="2" />
		<Option compiler="gcc" />
		<Build>
			<Target title="Debug">
				<Option output="lplog" prefix_auto="1" extension_auto="1" />
				<Option object_output="obj/Debug/" />
				<Option type="1" />
				<Option compiler="gcc" />
				<Option parameters="apa" />
				<Compiler>
					<Add option="-g" />
				</Compiler>
				<MakeCommands>
					<Build command="$make CXXFLAGS=-g -j8 -f $makefile $target" />
					<CompileFile command="$make -f $makefile $file" />
					<Clean command="$make -f $makefile clean" />
					<DistClean command="$make -f $makefile distclean$target" />
					<AskRebuildNeeded command="$make -q -f $makefile $target" />
					<SilentBuild command="$make CXXFLAGS=-g -j8 -f $makefile $target &gt; $(CMD_NULL)" />
				</MakeCommands>
			</Target>
			<Target title="Release">
				<Option output="lplog" prefix_auto="1" extension_auto="1" />
				<Option object_output="obj/Release/" />
				<Option type="0" />
				<Option compiler="gcc" />
				<Compiler>
					<Add option="-O2" />
				</Compiler>
				<Linker>
					<Add option="-s" />
				</Linker>
				<MakeCommands>
					<Build command="$make -j8 -f $makefile $target" />
					<CompileFile command="$make -f $makefile $file" />
					<Clean command="$make -f $makefile clean$target" />
					<DistClean command="$make -f $makefile distclean$target" />
					<AskRebuildNeeded command="$make -q -f $makefile $target" />
					<SilentBuild command="$make -j8 -f $makefile $target &gt; $(CMD_NULL)" />
				</MakeCommands>
			</Target>
		</Build>
		<Compiler>
			<Add option="-std=c++11" />
			<Add option="-Wall" />
			<Add option="`pkg-config gtk+-3.0 --cflags`" />
			<Add directory="/usr/include/gtk-3.0/" />
			<Add directory="/usr/include/glib-2.0/" />
			<Add directory="/usr/lib/x86_64-linux-gnu/glib-2.0/include" />
			<Add directory="/usr/include/pango-1.0/" />
			<Add directory="/usr/include/cairo" />
			<Add directory="/usr/include/pixman-1" />
			<Add directory="/usr/include/gdk-pixbuf-2.0/" />
			<Add directory="/usr/include/atk-1.0" />
		</Compiler>
		<Linker>
			<Add option="`pkg-config gtk+-2.0 --libs`" />
			<Add library="atk-1.0" />
			<Add library="gobject-2.0" />
			<Add library="glib-2.0" />
			<Add library="gtk-3" />
			<Add library="gdk-3" />
			<Add library="gio-2.0" />
			<Add library="pangocairo-1.0" />
			<Add library="gdk_pixbuf-2.0" />
			<Add library="cairo-gobject" />
			<Add library="pango-1.0" />
			<Add library="cairo" />
		</Linker>
		<Unit filename=".gitignore" />
		<Unit filename="Controller.cpp" />
		<Unit filename="Controller.h" />
		<Unit filename="Debug.cpp" />
		<Unit filename="Debug.h" />
		<Unit filename="Defer.h" />
		<Unit filename="Document.cpp" />
		<Unit filename="Document.h" />
		<Unit filename="LPlog.iss" />
		<Unit filename="Makefile" />
		<Unit filename="PatternTable.cpp" />
		<Unit filename="PatternTable.h" />
		<Unit filename="README.md" />
		<Unit filename="SaveFile.cpp" />
		<Unit filename="SaveFile.h" />
		<Unit filename="TODO.md" />
		<Unit filename="View.cpp" />
		<Unit filename="View.h" />
		<Unit filename="extract_dep.sh" />
		<Unit filename="lplog.desktop" />
		<Unit filename="lplog.rc">
			<Option compilerVar="WINDRES" />
		</Unit>
		<Unit filename="main.cpp" />
		<Extensions>
			<code_completion>
				<search_path add="C:\MinGW\msys\1.0\local\include\gtk-2.0" />
				<search_path add="C:\MinGW\msys\1.0\local\include\glib-2.0" />
				<search_path add="C:\MinGW\msys\1.0\local\include\gdk-pixbuf-2.0" />
			</code_completion>
			<debugger />
			<DoxyBlocks>
				<comment_style block="0" line="0" />
				<doxyfile_project />
				<doxyfile_build />
				<doxyfile_warnings />
				<doxyfile_output />
				<doxyfile_dot />
				<general />
			</DoxyBlocks>
			<envvars />
		</Extensions>
	</Project>
</CodeBlocks_project_file>
